// !$*UTF8*$!
{
	archiveVersion = 1;
	classes = {
	};
	objectVersion = 46;
	objects = {

/* Begin PBXBuildFile section */
		288765FD0DF74451002DB57D /* CoreGraphics.framework in Frameworks */ = {isa = PBXBuildFile; fileRef = 288765FC0DF74451002DB57D /* CoreGraphics.framework */; };
		301BF552109A68D80062928A /* libCordova.a in Frameworks */ = {isa = PBXBuildFile; fileRef = 301BF535109A57CC0062928A /* libCordova.a */; };
		305D5FD1115AB8F900A74A75 /* MobileCoreServices.framework in Frameworks */ = {isa = PBXBuildFile; fileRef = 305D5FD0115AB8F900A74A75 /* MobileCoreServices.framework */; };
		5AEE5B35173C68D80009041E /* CoreLocation.framework in Frameworks */ = {isa = PBXBuildFile; fileRef = 5AEE5B34173C68D80009041E /* CoreLocation.framework */; };
		5B1594DD16A7569C00FEF299 /* AssetsLibrary.framework in Frameworks */ = {isa = PBXBuildFile; fileRef = 5B1594DC16A7569C00FEF299 /* AssetsLibrary.framework */; };
		6A77F8B5D88D43B88BF6EC79 /* Social.framework in Frameworks */ = {isa = PBXBuildFile; fileRef = C6AAC2952BD440F3A7729443 /* Social.framework */; settings = {ATTRIBUTES = (Weak, ); }; };
		6F187B89187707AC001876C4 /* MovieViewController.m in Sources */ = {isa = PBXBuildFile; fileRef = 6F187B86187707AC001876C4 /* MovieViewController.m */; };
		6F187B8A187707AC001876C4 /* VideoPlayer.m in Sources */ = {isa = PBXBuildFile; fileRef = 6F187B88187707AC001876C4 /* VideoPlayer.m */; };
		6F187B8D187707C3001876C4 /* CDVLogger.m in Sources */ = {isa = PBXBuildFile; fileRef = 6F187B8C187707C3001876C4 /* CDVLogger.m */; };
		6F1D66E71905B7E800EC1B8E /* GoogleAnalytics.a in Frameworks */ = {isa = PBXBuildFile; fileRef = 6F1D66E61905B7E800EC1B8E /* GoogleAnalytics.a */; };
		6F3C549118A043F200557C1A /* CoreTelephony.framework in Frameworks */ = {isa = PBXBuildFile; fileRef = 6F3C549018A043F200557C1A /* CoreTelephony.framework */; };
		6F3C549318A0440000557C1A /* CoreData.framework in Frameworks */ = {isa = PBXBuildFile; fileRef = 6F3C549218A0440000557C1A /* CoreData.framework */; };
		6F3C549518A0443500557C1A /* UIKit.framework in Frameworks */ = {isa = PBXBuildFile; fileRef = 6F3C549418A0443500557C1A /* UIKit.framework */; };
		6F486B12190CA69D00B43633 /* TVNNoticias_develop.entitlements in Resources */ = {isa = PBXBuildFile; fileRef = 6F486B10190CA69D00B43633 /* TVNNoticias_develop.entitlements */; };
		6F486B13190CA69D00B43633 /* TVNNoticias.entitlements in Resources */ = {isa = PBXBuildFile; fileRef = 6F486B11190CA69D00B43633 /* TVNNoticias.entitlements */; };
		6F504BE1188F28B400BFBDEC /* CDVFile.m in Sources */ = {isa = PBXBuildFile; fileRef = 6F504BDD188F28B400BFBDEC /* CDVFile.m */; };
		6F504BE2188F28B400BFBDEC /* CDVFileTransfer.m in Sources */ = {isa = PBXBuildFile; fileRef = 6F504BE0188F28B400BFBDEC /* CDVFileTransfer.m */; };
		6F65A544190583180049E8C8 /* CDVLocation.m in Sources */ = {isa = PBXBuildFile; fileRef = 6F65A543190583180049E8C8 /* CDVLocation.m */; };
		6F65A54B1905A2F30049E8C8 /* libz.dylib in Frameworks */ = {isa = PBXBuildFile; fileRef = 6F65A54A1905A2F30049E8C8 /* libz.dylib */; };
		6F65A54D1905A3260049E8C8 /* libsqlite3.dylib in Frameworks */ = {isa = PBXBuildFile; fileRef = 6F65A54C1905A3260049E8C8 /* libsqlite3.dylib */; };
		6F65A5501905B4190049E8C8 /* GAPlugin.m in Sources */ = {isa = PBXBuildFile; fileRef = 6F65A54F1905B4190049E8C8 /* GAPlugin.m */; };
		6F6627711911C41900FC54B2 /* CDVCamera.m in Sources */ = {isa = PBXBuildFile; fileRef = 6F66276D1911C41900FC54B2 /* CDVCamera.m */; };
		6F6627721911C41900FC54B2 /* CDVJpegHeaderWriter.m in Sources */ = {isa = PBXBuildFile; fileRef = 6F6627701911C41900FC54B2 /* CDVJpegHeaderWriter.m */; };
		6F6DDCF81875C4B90090B0E8 /* AppDelegate.m in Sources */ = {isa = PBXBuildFile; fileRef = 6F6DDCF41875C4B90090B0E8 /* AppDelegate.m */; };
		6F6DDCF91875C4B90090B0E8 /* MainViewController.m in Sources */ = {isa = PBXBuildFile; fileRef = 6F6DDCF61875C4B90090B0E8 /* MainViewController.m */; };
		6F6DDCFA1875C4B90090B0E8 /* MainViewController.xib in Resources */ = {isa = PBXBuildFile; fileRef = 6F6DDCF71875C4B90090B0E8 /* MainViewController.xib */; };
		6F6DDD031875C4D30090B0E8 /* CDVConnection.m in Sources */ = {isa = PBXBuildFile; fileRef = 6F6DDCFD1875C4D30090B0E8 /* CDVConnection.m */; };
		6F6DDD041875C4D30090B0E8 /* CDVReachability.m in Sources */ = {isa = PBXBuildFile; fileRef = 6F6DDCFF1875C4D30090B0E8 /* CDVReachability.m */; };
		6F6DDD051875C4D30090B0E8 /* README in Resources */ = {isa = PBXBuildFile; fileRef = 6F6DDD001875C4D30090B0E8 /* README */; };
		6F6DDD061875C4D30090B0E8 /* SocialSharing.m in Sources */ = {isa = PBXBuildFile; fileRef = 6F6DDD021875C4D30090B0E8 /* SocialSharing.m */; };
		6F6DDD091875C4E40090B0E8 /* main.m in Sources */ = {isa = PBXBuildFile; fileRef = 6F6DDD071875C4E40090B0E8 /* main.m */; };
		6F6DDD2F1875C4F80090B0E8 /* Localizable.strings in Resources */ = {isa = PBXBuildFile; fileRef = 6F6DDD111875C4F80090B0E8 /* Localizable.strings */; };
		6F6DDD301875C4F80090B0E8 /* icon-40.png in Resources */ = {isa = PBXBuildFile; fileRef = 6F6DDD141875C4F80090B0E8 /* icon-40.png */; };
		6F6DDD311875C4F80090B0E8 /* icon-40@2x.png in Resources */ = {isa = PBXBuildFile; fileRef = 6F6DDD151875C4F80090B0E8 /* icon-40@2x.png */; };
		6F6DDD321875C4F80090B0E8 /* icon-50.png in Resources */ = {isa = PBXBuildFile; fileRef = 6F6DDD161875C4F80090B0E8 /* icon-50.png */; };
		6F6DDD331875C4F80090B0E8 /* icon-50@2x.png in Resources */ = {isa = PBXBuildFile; fileRef = 6F6DDD171875C4F80090B0E8 /* icon-50@2x.png */; };
		6F6DDD341875C4F80090B0E8 /* icon-60.png in Resources */ = {isa = PBXBuildFile; fileRef = 6F6DDD181875C4F80090B0E8 /* icon-60.png */; };
		6F6DDD351875C4F80090B0E8 /* icon-60@2x.png in Resources */ = {isa = PBXBuildFile; fileRef = 6F6DDD191875C4F80090B0E8 /* icon-60@2x.png */; };
		6F6DDD361875C4F80090B0E8 /* icon-72.png in Resources */ = {isa = PBXBuildFile; fileRef = 6F6DDD1A1875C4F80090B0E8 /* icon-72.png */; };
		6F6DDD371875C4F80090B0E8 /* icon-72@2x.png in Resources */ = {isa = PBXBuildFile; fileRef = 6F6DDD1B1875C4F80090B0E8 /* icon-72@2x.png */; };
		6F6DDD381875C4F80090B0E8 /* icon-76.png in Resources */ = {isa = PBXBuildFile; fileRef = 6F6DDD1C1875C4F80090B0E8 /* icon-76.png */; };
		6F6DDD391875C4F80090B0E8 /* icon-76@2x.png in Resources */ = {isa = PBXBuildFile; fileRef = 6F6DDD1D1875C4F80090B0E8 /* icon-76@2x.png */; };
		6F6DDD3A1875C4F80090B0E8 /* icon-small.png in Resources */ = {isa = PBXBuildFile; fileRef = 6F6DDD1E1875C4F80090B0E8 /* icon-small.png */; };
		6F6DDD3B1875C4F80090B0E8 /* icon-small@2x.png in Resources */ = {isa = PBXBuildFile; fileRef = 6F6DDD1F1875C4F80090B0E8 /* icon-small@2x.png */; };
		6F6DDD3C1875C4F80090B0E8 /* icon.png in Resources */ = {isa = PBXBuildFile; fileRef = 6F6DDD201875C4F80090B0E8 /* icon.png */; };
		6F6DDD3D1875C4F80090B0E8 /* icon@2x.png in Resources */ = {isa = PBXBuildFile; fileRef = 6F6DDD211875C4F80090B0E8 /* icon@2x.png */; };
		6F6DDD3F1875C4F80090B0E8 /* Default-568h@2x~iphone.png in Resources */ = {isa = PBXBuildFile; fileRef = 6F6DDD261875C4F80090B0E8 /* Default-568h@2x~iphone.png */; };
		6F6DDD421875C4F80090B0E8 /* Default-Portrait@2x~ipad.png in Resources */ = {isa = PBXBuildFile; fileRef = 6F6DDD291875C4F80090B0E8 /* Default-Portrait@2x~ipad.png */; };
		6F6DDD431875C4F80090B0E8 /* Default-Portrait~ipad.png in Resources */ = {isa = PBXBuildFile; fileRef = 6F6DDD2A1875C4F80090B0E8 /* Default-Portrait~ipad.png */; };
		6F6DDD441875C4F80090B0E8 /* Default@2x~iphone.png in Resources */ = {isa = PBXBuildFile; fileRef = 6F6DDD2B1875C4F80090B0E8 /* Default@2x~iphone.png */; };
		6F6DDD451875C4F80090B0E8 /* Default~iphone.png in Resources */ = {isa = PBXBuildFile; fileRef = 6F6DDD2C1875C4F80090B0E8 /* Default~iphone.png */; };
		6F6DDD471875C5050090B0E8 /* NoticiasTVN-Info.plist in Resources */ = {isa = PBXBuildFile; fileRef = 6F6DDD461875C5050090B0E8 /* NoticiasTVN-Info.plist */; };
		6F6DDD491875C51A0090B0E8 /* config.xml in Resources */ = {isa = PBXBuildFile; fileRef = 6F6DDD481875C51A0090B0E8 /* config.xml */; };
		6F6DDD521875F7A40090B0E8 /* MediaPlayer.framework in Frameworks */ = {isa = PBXBuildFile; fileRef = 6F6DDD511875F7A40090B0E8 /* MediaPlayer.framework */; };
		6F7D35D918D8EF8E006C4BA4 /* icon-iPad@2x.png in Resources */ = {isa = PBXBuildFile; fileRef = 6F7D35D818D8EF8D006C4BA4 /* icon-iPad@2x.png */; };
		6FAE6645190AA3190041A151 /* CDVInAppBrowser.m in Sources */ = {isa = PBXBuildFile; fileRef = 6FAE6644190AA3190041A151 /* CDVInAppBrowser.m */; };
		6FC8D6AB18CE1EC200B5D007 /* noticias.aiff in Resources */ = {isa = PBXBuildFile; fileRef = 6FC8D6AA18CE1EC200B5D007 /* noticias.aiff */; };
		6FD3CFDC187C8F0B005E7A40 /* AppDelegate+notification.m in Sources */ = {isa = PBXBuildFile; fileRef = 6FD3CFD9187C8F0B005E7A40 /* AppDelegate+notification.m */; };
		6FD3CFDD187C8F0B005E7A40 /* PushPlugin.m in Sources */ = {isa = PBXBuildFile; fileRef = 6FD3CFDB187C8F0B005E7A40 /* PushPlugin.m */; };
		6FD3CFE3187CA266005E7A40 /* CDVDevice.m in Sources */ = {isa = PBXBuildFile; fileRef = 6FD3CFE2187CA266005E7A40 /* CDVDevice.m */; };
		99BF9F9EB93A46579B404EBF /* SystemConfiguration.framework in Frameworks */ = {isa = PBXBuildFile; fileRef = FE88B7DDCF94411E85FA8AA7 /* SystemConfiguration.framework */; settings = {ATTRIBUTES = (Weak, ); }; };
		D712746A3D3A499891E75855 /* ImageIO.framework in Frameworks */ = {isa = PBXBuildFile; fileRef = D39351201E874EB691ADAC0E /* ImageIO.framework */; settings = {ATTRIBUTES = (Weak, ); }; };
/* End PBXBuildFile section */

/* Begin PBXContainerItemProxy section */
		301BF534109A57CC0062928A /* PBXContainerItemProxy */ = {
			isa = PBXContainerItemProxy;
			containerPortal = 301BF52D109A57CC0062928A /* CordovaLib.xcodeproj */;
			proxyType = 2;
			remoteGlobalIDString = D2AAC07E0554694100DB518D;
			remoteInfo = CordovaLib;
		};
		301BF550109A68C00062928A /* PBXContainerItemProxy */ = {
			isa = PBXContainerItemProxy;
			containerPortal = 301BF52D109A57CC0062928A /* CordovaLib.xcodeproj */;
			proxyType = 1;
			remoteGlobalIDString = D2AAC07D0554694100DB518D;
			remoteInfo = CordovaLib;
		};
/* End PBXContainerItemProxy section */

/* Begin PBXFileReference section */
		1D6058910D05DD3D006BFB54 /* NoticiasTVN.app */ = {isa = PBXFileReference; explicitFileType = wrapper.application; includeInIndex = 0; path = NoticiasTVN.app; sourceTree = BUILT_PRODUCTS_DIR; };
		288765FC0DF74451002DB57D /* CoreGraphics.framework */ = {isa = PBXFileReference; lastKnownFileType = wrapper.framework; name = CoreGraphics.framework; path = System/Library/Frameworks/CoreGraphics.framework; sourceTree = SDKROOT; };
		301BF52D109A57CC0062928A /* CordovaLib.xcodeproj */ = {isa = PBXFileReference; lastKnownFileType = "wrapper.pb-project"; name = CordovaLib.xcodeproj; path = CordovaLib/CordovaLib.xcodeproj; sourceTree = "<group>"; };
		301BF56E109A69640062928A /* www */ = {isa = PBXFileReference; lastKnownFileType = folder; path = www; sourceTree = SOURCE_ROOT; };
		305D5FD0115AB8F900A74A75 /* MobileCoreServices.framework */ = {isa = PBXFileReference; lastKnownFileType = wrapper.framework; name = MobileCoreServices.framework; path = System/Library/Frameworks/MobileCoreServices.framework; sourceTree = SDKROOT; };
		5AEE5B34173C68D80009041E /* CoreLocation.framework */ = {isa = PBXFileReference; lastKnownFileType = wrapper.framework; name = CoreLocation.framework; path = System/Library/Frameworks/CoreLocation.framework; sourceTree = SDKROOT; };
		5B1594DC16A7569C00FEF299 /* AssetsLibrary.framework */ = {isa = PBXFileReference; lastKnownFileType = wrapper.framework; name = AssetsLibrary.framework; path = System/Library/Frameworks/AssetsLibrary.framework; sourceTree = SDKROOT; };
		6F187B85187707AC001876C4 /* MovieViewController.h */ = {isa = PBXFileReference; fileEncoding = 4; lastKnownFileType = sourcecode.c.h; name = MovieViewController.h; path = NoticiasTVN/Plugins/VideoPlayer/MovieViewController.h; sourceTree = SOURCE_ROOT; };
		6F187B86187707AC001876C4 /* MovieViewController.m */ = {isa = PBXFileReference; fileEncoding = 4; lastKnownFileType = sourcecode.c.objc; name = MovieViewController.m; path = NoticiasTVN/Plugins/VideoPlayer/MovieViewController.m; sourceTree = SOURCE_ROOT; };
		6F187B87187707AC001876C4 /* VideoPlayer.h */ = {isa = PBXFileReference; fileEncoding = 4; lastKnownFileType = sourcecode.c.h; name = VideoPlayer.h; path = NoticiasTVN/Plugins/VideoPlayer/VideoPlayer.h; sourceTree = SOURCE_ROOT; };
		6F187B88187707AC001876C4 /* VideoPlayer.m */ = {isa = PBXFileReference; fileEncoding = 4; lastKnownFileType = sourcecode.c.objc; name = VideoPlayer.m; path = NoticiasTVN/Plugins/VideoPlayer/VideoPlayer.m; sourceTree = SOURCE_ROOT; };
		6F187B8B187707C3001876C4 /* CDVLogger.h */ = {isa = PBXFileReference; fileEncoding = 4; lastKnownFileType = sourcecode.c.h; name = CDVLogger.h; path = NoticiasTVN/Plugins/org.apache.cordova.console/CDVLogger.h; sourceTree = SOURCE_ROOT; };
		6F187B8C187707C3001876C4 /* CDVLogger.m */ = {isa = PBXFileReference; fileEncoding = 4; lastKnownFileType = sourcecode.c.objc; name = CDVLogger.m; path = NoticiasTVN/Plugins/org.apache.cordova.console/CDVLogger.m; sourceTree = SOURCE_ROOT; };
		6F1D66E41905B7E800EC1B8E /* GAITransaction.h */ = {isa = PBXFileReference; fileEncoding = 4; lastKnownFileType = sourcecode.c.h; path = GAITransaction.h; sourceTree = "<group>"; };
		6F1D66E51905B7E800EC1B8E /* GAITransactionItem.h */ = {isa = PBXFileReference; fileEncoding = 4; lastKnownFileType = sourcecode.c.h; path = GAITransactionItem.h; sourceTree = "<group>"; };
		6F1D66E61905B7E800EC1B8E /* GoogleAnalytics.a */ = {isa = PBXFileReference; lastKnownFileType = archive.ar; path = GoogleAnalytics.a; sourceTree = "<group>"; };
		6F3C548518A03F6100557C1A /* GAI.h */ = {isa = PBXFileReference; fileEncoding = 4; lastKnownFileType = sourcecode.c.h; path = GAI.h; sourceTree = "<group>"; };
		6F3C548618A03F6100557C1A /* GAITrackedViewController.h */ = {isa = PBXFileReference; fileEncoding = 4; lastKnownFileType = sourcecode.c.h; path = GAITrackedViewController.h; sourceTree = "<group>"; };
		6F3C548718A03F6100557C1A /* GAITracker.h */ = {isa = PBXFileReference; fileEncoding = 4; lastKnownFileType = sourcecode.c.h; path = GAITracker.h; sourceTree = "<group>"; };
		6F3C549018A043F200557C1A /* CoreTelephony.framework */ = {isa = PBXFileReference; lastKnownFileType = wrapper.framework; name = CoreTelephony.framework; path = System/Library/Frameworks/CoreTelephony.framework; sourceTree = SDKROOT; };
		6F3C549218A0440000557C1A /* CoreData.framework */ = {isa = PBXFileReference; lastKnownFileType = wrapper.framework; name = CoreData.framework; path = System/Library/Frameworks/CoreData.framework; sourceTree = SDKROOT; };
		6F3C549418A0443500557C1A /* UIKit.framework */ = {isa = PBXFileReference; lastKnownFileType = wrapper.framework; name = UIKit.framework; path = System/Library/Frameworks/UIKit.framework; sourceTree = SDKROOT; };
		6F486B10190CA69D00B43633 /* TVNNoticias_develop.entitlements */ = {isa = PBXFileReference; fileEncoding = 4; lastKnownFileType = text.xml; name = TVNNoticias_develop.entitlements; path = NoticiasTVN/TVNNoticias_develop.entitlements; sourceTree = "<group>"; };
		6F486B11190CA69D00B43633 /* TVNNoticias.entitlements */ = {isa = PBXFileReference; fileEncoding = 4; lastKnownFileType = text.xml; name = TVNNoticias.entitlements; path = NoticiasTVN/TVNNoticias.entitlements; sourceTree = "<group>"; };
		6F504BDC188F28B400BFBDEC /* CDVFile.h */ = {isa = PBXFileReference; fileEncoding = 4; lastKnownFileType = sourcecode.c.h; path = CDVFile.h; sourceTree = "<group>"; };
		6F504BDD188F28B400BFBDEC /* CDVFile.m */ = {isa = PBXFileReference; fileEncoding = 4; lastKnownFileType = sourcecode.c.objc; path = CDVFile.m; sourceTree = "<group>"; };
		6F504BDF188F28B400BFBDEC /* CDVFileTransfer.h */ = {isa = PBXFileReference; fileEncoding = 4; lastKnownFileType = sourcecode.c.h; path = CDVFileTransfer.h; sourceTree = "<group>"; };
		6F504BE0188F28B400BFBDEC /* CDVFileTransfer.m */ = {isa = PBXFileReference; fileEncoding = 4; lastKnownFileType = sourcecode.c.objc; path = CDVFileTransfer.m; sourceTree = "<group>"; };
		6F65A542190583180049E8C8 /* CDVLocation.h */ = {isa = PBXFileReference; fileEncoding = 4; lastKnownFileType = sourcecode.c.h; path = CDVLocation.h; sourceTree = "<group>"; };
		6F65A543190583180049E8C8 /* CDVLocation.m */ = {isa = PBXFileReference; fileEncoding = 4; lastKnownFileType = sourcecode.c.objc; path = CDVLocation.m; sourceTree = "<group>"; };
		6F65A54A1905A2F30049E8C8 /* libz.dylib */ = {isa = PBXFileReference; lastKnownFileType = "compiled.mach-o.dylib"; name = libz.dylib; path = usr/lib/libz.dylib; sourceTree = SDKROOT; };
		6F65A54C1905A3260049E8C8 /* libsqlite3.dylib */ = {isa = PBXFileReference; lastKnownFileType = "compiled.mach-o.dylib"; name = libsqlite3.dylib; path = usr/lib/libsqlite3.dylib; sourceTree = SDKROOT; };
		6F65A54E1905B4190049E8C8 /* GAPlugin.h */ = {isa = PBXFileReference; fileEncoding = 4; lastKnownFileType = sourcecode.c.h; path = GAPlugin.h; sourceTree = "<group>"; };
		6F65A54F1905B4190049E8C8 /* GAPlugin.m */ = {isa = PBXFileReference; fileEncoding = 4; lastKnownFileType = sourcecode.c.objc; path = GAPlugin.m; sourceTree = "<group>"; };
		6F66276C1911C41900FC54B2 /* CDVCamera.h */ = {isa = PBXFileReference; fileEncoding = 4; lastKnownFileType = sourcecode.c.h; path = CDVCamera.h; sourceTree = "<group>"; };
		6F66276D1911C41900FC54B2 /* CDVCamera.m */ = {isa = PBXFileReference; fileEncoding = 4; lastKnownFileType = sourcecode.c.objc; path = CDVCamera.m; sourceTree = "<group>"; };
		6F66276E1911C41900FC54B2 /* CDVExif.h */ = {isa = PBXFileReference; fileEncoding = 4; lastKnownFileType = sourcecode.c.h; path = CDVExif.h; sourceTree = "<group>"; };
		6F66276F1911C41900FC54B2 /* CDVJpegHeaderWriter.h */ = {isa = PBXFileReference; fileEncoding = 4; lastKnownFileType = sourcecode.c.h; path = CDVJpegHeaderWriter.h; sourceTree = "<group>"; };
		6F6627701911C41900FC54B2 /* CDVJpegHeaderWriter.m */ = {isa = PBXFileReference; fileEncoding = 4; lastKnownFileType = sourcecode.c.objc; path = CDVJpegHeaderWriter.m; sourceTree = "<group>"; };
		6F6DDCF31875C4B90090B0E8 /* AppDelegate.h */ = {isa = PBXFileReference; fileEncoding = 4; lastKnownFileType = sourcecode.c.h; name = AppDelegate.h; path = NoticiasTVN/Classes/AppDelegate.h; sourceTree = SOURCE_ROOT; };
		6F6DDCF41875C4B90090B0E8 /* AppDelegate.m */ = {isa = PBXFileReference; fileEncoding = 4; lastKnownFileType = sourcecode.c.objc; name = AppDelegate.m; path = NoticiasTVN/Classes/AppDelegate.m; sourceTree = SOURCE_ROOT; };
		6F6DDCF51875C4B90090B0E8 /* MainViewController.h */ = {isa = PBXFileReference; fileEncoding = 4; lastKnownFileType = sourcecode.c.h; name = MainViewController.h; path = NoticiasTVN/Classes/MainViewController.h; sourceTree = SOURCE_ROOT; };
		6F6DDCF61875C4B90090B0E8 /* MainViewController.m */ = {isa = PBXFileReference; fileEncoding = 4; lastKnownFileType = sourcecode.c.objc; name = MainViewController.m; path = NoticiasTVN/Classes/MainViewController.m; sourceTree = SOURCE_ROOT; };
		6F6DDCF71875C4B90090B0E8 /* MainViewController.xib */ = {isa = PBXFileReference; fileEncoding = 4; lastKnownFileType = file.xib; name = MainViewController.xib; path = NoticiasTVN/Classes/MainViewController.xib; sourceTree = SOURCE_ROOT; };
		6F6DDCFC1875C4D30090B0E8 /* CDVConnection.h */ = {isa = PBXFileReference; fileEncoding = 4; lastKnownFileType = sourcecode.c.h; path = CDVConnection.h; sourceTree = "<group>"; };
		6F6DDCFD1875C4D30090B0E8 /* CDVConnection.m */ = {isa = PBXFileReference; fileEncoding = 4; lastKnownFileType = sourcecode.c.objc; path = CDVConnection.m; sourceTree = "<group>"; };
		6F6DDCFE1875C4D30090B0E8 /* CDVReachability.h */ = {isa = PBXFileReference; fileEncoding = 4; lastKnownFileType = sourcecode.c.h; path = CDVReachability.h; sourceTree = "<group>"; };
		6F6DDCFF1875C4D30090B0E8 /* CDVReachability.m */ = {isa = PBXFileReference; fileEncoding = 4; lastKnownFileType = sourcecode.c.objc; path = CDVReachability.m; sourceTree = "<group>"; };
		6F6DDD001875C4D30090B0E8 /* README */ = {isa = PBXFileReference; fileEncoding = 4; lastKnownFileType = text; name = README; path = NoticiasTVN/Plugins/README; sourceTree = SOURCE_ROOT; };
		6F6DDD011875C4D30090B0E8 /* SocialSharing.h */ = {isa = PBXFileReference; fileEncoding = 4; lastKnownFileType = sourcecode.c.h; name = SocialSharing.h; path = NoticiasTVN/Plugins/SocialSharing.h; sourceTree = SOURCE_ROOT; };
		6F6DDD021875C4D30090B0E8 /* SocialSharing.m */ = {isa = PBXFileReference; fileEncoding = 4; lastKnownFileType = sourcecode.c.objc; name = SocialSharing.m; path = NoticiasTVN/Plugins/SocialSharing.m; sourceTree = SOURCE_ROOT; };
		6F6DDD071875C4E40090B0E8 /* main.m */ = {isa = PBXFileReference; fileEncoding = 4; lastKnownFileType = sourcecode.c.objc; name = main.m; path = NoticiasTVN/main.m; sourceTree = SOURCE_ROOT; };
		6F6DDD081875C4E40090B0E8 /* NoticiasTVN-Prefix.pch */ = {isa = PBXFileReference; fileEncoding = 4; lastKnownFileType = sourcecode.c.h; name = "NoticiasTVN-Prefix.pch"; path = "NoticiasTVN/NoticiasTVN-Prefix.pch"; sourceTree = SOURCE_ROOT; };
		6F6DDD121875C4F80090B0E8 /* es */ = {isa = PBXFileReference; lastKnownFileType = text.plist.strings; name = es; path = Localizable.strings; sourceTree = "<group>"; };
		6F6DDD141875C4F80090B0E8 /* icon-40.png */ = {isa = PBXFileReference; lastKnownFileType = image.png; path = "icon-40.png"; sourceTree = "<group>"; };
		6F6DDD151875C4F80090B0E8 /* icon-40@2x.png */ = {isa = PBXFileReference; lastKnownFileType = image.png; path = "icon-40@2x.png"; sourceTree = "<group>"; };
		6F6DDD161875C4F80090B0E8 /* icon-50.png */ = {isa = PBXFileReference; lastKnownFileType = image.png; path = "icon-50.png"; sourceTree = "<group>"; };
		6F6DDD171875C4F80090B0E8 /* icon-50@2x.png */ = {isa = PBXFileReference; lastKnownFileType = image.png; path = "icon-50@2x.png"; sourceTree = "<group>"; };
		6F6DDD181875C4F80090B0E8 /* icon-60.png */ = {isa = PBXFileReference; lastKnownFileType = image.png; path = "icon-60.png"; sourceTree = "<group>"; };
		6F6DDD191875C4F80090B0E8 /* icon-60@2x.png */ = {isa = PBXFileReference; lastKnownFileType = image.png; path = "icon-60@2x.png"; sourceTree = "<group>"; };
		6F6DDD1A1875C4F80090B0E8 /* icon-72.png */ = {isa = PBXFileReference; lastKnownFileType = image.png; path = "icon-72.png"; sourceTree = "<group>"; };
		6F6DDD1B1875C4F80090B0E8 /* icon-72@2x.png */ = {isa = PBXFileReference; lastKnownFileType = image.png; path = "icon-72@2x.png"; sourceTree = "<group>"; };
		6F6DDD1C1875C4F80090B0E8 /* icon-76.png */ = {isa = PBXFileReference; lastKnownFileType = image.png; path = "icon-76.png"; sourceTree = "<group>"; };
		6F6DDD1D1875C4F80090B0E8 /* icon-76@2x.png */ = {isa = PBXFileReference; lastKnownFileType = image.png; path = "icon-76@2x.png"; sourceTree = "<group>"; };
		6F6DDD1E1875C4F80090B0E8 /* icon-small.png */ = {isa = PBXFileReference; lastKnownFileType = image.png; path = "icon-small.png"; sourceTree = "<group>"; };
		6F6DDD1F1875C4F80090B0E8 /* icon-small@2x.png */ = {isa = PBXFileReference; lastKnownFileType = image.png; path = "icon-small@2x.png"; sourceTree = "<group>"; };
		6F6DDD201875C4F80090B0E8 /* icon.png */ = {isa = PBXFileReference; lastKnownFileType = image.png; path = icon.png; sourceTree = "<group>"; };
		6F6DDD211875C4F80090B0E8 /* icon@2x.png */ = {isa = PBXFileReference; lastKnownFileType = image.png; path = "icon@2x.png"; sourceTree = "<group>"; };
		6F6DDD261875C4F80090B0E8 /* Default-568h@2x~iphone.png */ = {isa = PBXFileReference; lastKnownFileType = image.png; path = "Default-568h@2x~iphone.png"; sourceTree = "<group>"; };
		6F6DDD291875C4F80090B0E8 /* Default-Portrait@2x~ipad.png */ = {isa = PBXFileReference; lastKnownFileType = image.png; path = "Default-Portrait@2x~ipad.png"; sourceTree = "<group>"; };
		6F6DDD2A1875C4F80090B0E8 /* Default-Portrait~ipad.png */ = {isa = PBXFileReference; lastKnownFileType = image.png; path = "Default-Portrait~ipad.png"; sourceTree = "<group>"; };
		6F6DDD2B1875C4F80090B0E8 /* Default@2x~iphone.png */ = {isa = PBXFileReference; lastKnownFileType = image.png; path = "Default@2x~iphone.png"; sourceTree = "<group>"; };
		6F6DDD2C1875C4F80090B0E8 /* Default~iphone.png */ = {isa = PBXFileReference; lastKnownFileType = image.png; path = "Default~iphone.png"; sourceTree = "<group>"; };
		6F6DDD461875C5050090B0E8 /* NoticiasTVN-Info.plist */ = {isa = PBXFileReference; fileEncoding = 4; lastKnownFileType = text.plist.xml; name = "NoticiasTVN-Info.plist"; path = "NoticiasTVN/NoticiasTVN-Info.plist"; sourceTree = SOURCE_ROOT; };
		6F6DDD481875C51A0090B0E8 /* config.xml */ = {isa = PBXFileReference; fileEncoding = 4; lastKnownFileType = text.xml; name = config.xml; path = NoticiasTVN/config.xml; sourceTree = "<group>"; };
		6F6DDD511875F7A40090B0E8 /* MediaPlayer.framework */ = {isa = PBXFileReference; lastKnownFileType = wrapper.framework; name = MediaPlayer.framework; path = System/Library/Frameworks/MediaPlayer.framework; sourceTree = SDKROOT; };
		6F7D35D818D8EF8D006C4BA4 /* icon-iPad@2x.png */ = {isa = PBXFileReference; lastKnownFileType = image.png; path = "icon-iPad@2x.png"; sourceTree = "<group>"; };
		6FAE6643190AA3190041A151 /* CDVInAppBrowser.h */ = {isa = PBXFileReference; fileEncoding = 4; lastKnownFileType = sourcecode.c.h; path = CDVInAppBrowser.h; sourceTree = "<group>"; };
		6FAE6644190AA3190041A151 /* CDVInAppBrowser.m */ = {isa = PBXFileReference; fileEncoding = 4; lastKnownFileType = sourcecode.c.objc; path = CDVInAppBrowser.m; sourceTree = "<group>"; };
		6FC8D6AA18CE1EC200B5D007 /* noticias.aiff */ = {isa = PBXFileReference; lastKnownFileType = audio.aiff; path = noticias.aiff; sourceTree = "<group>"; };
		6FD3CFD8187C8F0B005E7A40 /* AppDelegate+notification.h */ = {isa = PBXFileReference; fileEncoding = 4; lastKnownFileType = sourcecode.c.h; path = "AppDelegate+notification.h"; sourceTree = "<group>"; };
		6FD3CFD9187C8F0B005E7A40 /* AppDelegate+notification.m */ = {isa = PBXFileReference; fileEncoding = 4; lastKnownFileType = sourcecode.c.objc; path = "AppDelegate+notification.m"; sourceTree = "<group>"; };
		6FD3CFDA187C8F0B005E7A40 /* PushPlugin.h */ = {isa = PBXFileReference; fileEncoding = 4; lastKnownFileType = sourcecode.c.h; path = PushPlugin.h; sourceTree = "<group>"; };
		6FD3CFDB187C8F0B005E7A40 /* PushPlugin.m */ = {isa = PBXFileReference; fileEncoding = 4; lastKnownFileType = sourcecode.c.objc; path = PushPlugin.m; sourceTree = "<group>"; };
		6FD3CFE1187CA266005E7A40 /* CDVDevice.h */ = {isa = PBXFileReference; fileEncoding = 4; lastKnownFileType = sourcecode.c.h; path = CDVDevice.h; sourceTree = "<group>"; };
		6FD3CFE2187CA266005E7A40 /* CDVDevice.m */ = {isa = PBXFileReference; fileEncoding = 4; lastKnownFileType = sourcecode.c.objc; path = CDVDevice.m; sourceTree = "<group>"; };
		C6AAC2952BD440F3A7729443 /* Social.framework */ = {isa = PBXFileReference; fileEncoding = 4; lastKnownFileType = wrapper.framework; name = Social.framework; path = System/Library/Frameworks/Social.framework; sourceTree = SDKROOT; };
		D39351201E874EB691ADAC0E /* ImageIO.framework */ = {isa = PBXFileReference; fileEncoding = 4; lastKnownFileType = wrapper.framework; name = ImageIO.framework; path = System/Library/Frameworks/ImageIO.framework; sourceTree = SDKROOT; };
		FE88B7DDCF94411E85FA8AA7 /* SystemConfiguration.framework */ = {isa = PBXFileReference; fileEncoding = 4; lastKnownFileType = wrapper.framework; name = SystemConfiguration.framework; path = System/Library/Frameworks/SystemConfiguration.framework; sourceTree = SDKROOT; };
/* End PBXFileReference section */

/* Begin PBXFrameworksBuildPhase section */
		1D60588F0D05DD3D006BFB54 /* Frameworks */ = {
			isa = PBXFrameworksBuildPhase;
			buildActionMask = 2147483647;
			files = (
				6F65A54D1905A3260049E8C8 /* libsqlite3.dylib in Frameworks */,
				6F65A54B1905A2F30049E8C8 /* libz.dylib in Frameworks */,
				6F3C549518A0443500557C1A /* UIKit.framework in Frameworks */,
				288765FD0DF74451002DB57D /* CoreGraphics.framework in Frameworks */,
				6F3C549318A0440000557C1A /* CoreData.framework in Frameworks */,
				6F3C549118A043F200557C1A /* CoreTelephony.framework in Frameworks */,
				6F6DDD521875F7A40090B0E8 /* MediaPlayer.framework in Frameworks */,
				5B1594DD16A7569C00FEF299 /* AssetsLibrary.framework in Frameworks */,
				301BF552109A68D80062928A /* libCordova.a in Frameworks */,
				305D5FD1115AB8F900A74A75 /* MobileCoreServices.framework in Frameworks */,
				5AEE5B35173C68D80009041E /* CoreLocation.framework in Frameworks */,
				6F1D66E71905B7E800EC1B8E /* GoogleAnalytics.a in Frameworks */,
				99BF9F9EB93A46579B404EBF /* SystemConfiguration.framework in Frameworks */,
				6A77F8B5D88D43B88BF6EC79 /* Social.framework in Frameworks */,
				D712746A3D3A499891E75855 /* ImageIO.framework in Frameworks */,
			);
			runOnlyForDeploymentPostprocessing = 0;
		};
/* End PBXFrameworksBuildPhase section */

/* Begin PBXGroup section */
		080E96DDFE201D6D7F000001 /* Classes */ = {
			isa = PBXGroup;
			children = (
				6F6DDCF31875C4B90090B0E8 /* AppDelegate.h */,
				6F6DDCF41875C4B90090B0E8 /* AppDelegate.m */,
				6F6DDCF51875C4B90090B0E8 /* MainViewController.h */,
				6F6DDCF61875C4B90090B0E8 /* MainViewController.m */,
				6F6DDCF71875C4B90090B0E8 /* MainViewController.xib */,
			);
			name = Classes;
			path = Fanaticos412/Classes;
			sourceTree = SOURCE_ROOT;
		};
		19C28FACFE9D520D11CA2CBB /* Products */ = {
			isa = PBXGroup;
			children = (
				1D6058910D05DD3D006BFB54 /* NoticiasTVN.app */,
			);
			name = Products;
			sourceTree = "<group>";
		};
		29B97314FDCFA39411CA2CEA /* CustomTemplate */ = {
			isa = PBXGroup;
			children = (
				6F486B10190CA69D00B43633 /* TVNNoticias_develop.entitlements */,
				6F486B11190CA69D00B43633 /* TVNNoticias.entitlements */,
				6F6DDD481875C51A0090B0E8 /* config.xml */,
				301BF56E109A69640062928A /* www */,
				301BF52D109A57CC0062928A /* CordovaLib.xcodeproj */,
				080E96DDFE201D6D7F000001 /* Classes */,
				307C750510C5A3420062BCA9 /* Plugins */,
				29B97315FDCFA39411CA2CEA /* Other Sources */,
				29B97317FDCFA39411CA2CEA /* Resources */,
				29B97323FDCFA39411CA2CEA /* Frameworks */,
				19C28FACFE9D520D11CA2CBB /* Products */,
			);
			name = CustomTemplate;
			sourceTree = "<group>";
		};
		29B97315FDCFA39411CA2CEA /* Other Sources */ = {
			isa = PBXGroup;
			children = (
				6F6DDD071875C4E40090B0E8 /* main.m */,
				6F6DDD081875C4E40090B0E8 /* NoticiasTVN-Prefix.pch */,
			);
			name = "Other Sources";
			path = Fanaticos412;
			sourceTree = "<group>";
		};
		29B97317FDCFA39411CA2CEA /* Resources */ = {
			isa = PBXGroup;
			children = (
				6FC8D6A718CE05AC00B5D007 /* sounds */,
				6F6DDD461875C5050090B0E8 /* NoticiasTVN-Info.plist */,
				6F6DDD101875C4F80090B0E8 /* es.lproj */,
				6F6DDD131875C4F80090B0E8 /* icons */,
				6F6DDD251875C4F80090B0E8 /* splash */,
			);
			name = Resources;
			path = Fanaticos412/Resources;
			sourceTree = "<group>";
		};
		29B97323FDCFA39411CA2CEA /* Frameworks */ = {
			isa = PBXGroup;
			children = (
				6F65A54C1905A3260049E8C8 /* libsqlite3.dylib */,
				6F65A54A1905A2F30049E8C8 /* libz.dylib */,
				6F3C549418A0443500557C1A /* UIKit.framework */,
				6F3C549218A0440000557C1A /* CoreData.framework */,
				6F3C549018A043F200557C1A /* CoreTelephony.framework */,
				6F6DDD511875F7A40090B0E8 /* MediaPlayer.framework */,
				5AEE5B34173C68D80009041E /* CoreLocation.framework */,
				5B1594DC16A7569C00FEF299 /* AssetsLibrary.framework */,
				288765FC0DF74451002DB57D /* CoreGraphics.framework */,
				305D5FD0115AB8F900A74A75 /* MobileCoreServices.framework */,
				FE88B7DDCF94411E85FA8AA7 /* SystemConfiguration.framework */,
				C6AAC2952BD440F3A7729443 /* Social.framework */,
				D39351201E874EB691ADAC0E /* ImageIO.framework */,
			);
			name = Frameworks;
			sourceTree = "<group>";
		};
		301BF52E109A57CC0062928A /* Products */ = {
			isa = PBXGroup;
			children = (
				301BF535109A57CC0062928A /* libCordova.a */,
			);
			name = Products;
			sourceTree = "<group>";
		};
		307C750510C5A3420062BCA9 /* Plugins */ = {
			isa = PBXGroup;
			children = (
				6F66276B1911C41900FC54B2 /* org.apache.cordova.camera */,
				6FAE6642190AA3190041A151 /* org.apache.cordova.inappbrowser */,
				6F65A541190583180049E8C8 /* org.apache.cordova.geolocation */,
				6F3C548418A03F6100557C1A /* com.adobe.plugins.GAPlugin */,
				6F504BDB188F28B400BFBDEC /* org.apache.cordova.file */,
				6F504BDE188F28B400BFBDEC /* org.apache.cordova.file-transfer */,
				6FD3CFE0187CA266005E7A40 /* org.apache.cordova.device */,
				6FD3CFD7187C8F0B005E7A40 /* com.phonegap.plugins.PushPlugin */,
				6F187B8B187707C3001876C4 /* CDVLogger.h */,
				6F187B8C187707C3001876C4 /* CDVLogger.m */,
				6F187B85187707AC001876C4 /* MovieViewController.h */,
				6F187B86187707AC001876C4 /* MovieViewController.m */,
				6F187B87187707AC001876C4 /* VideoPlayer.h */,
				6F187B88187707AC001876C4 /* VideoPlayer.m */,
				6F6DDCFB1875C4D30090B0E8 /* org.apache.cordova.network-information */,
				6F6DDD001875C4D30090B0E8 /* README */,
				6F6DDD011875C4D30090B0E8 /* SocialSharing.h */,
				6F6DDD021875C4D30090B0E8 /* SocialSharing.m */,
			);
			name = Plugins;
			path = Fanaticos412/Plugins;
			sourceTree = SOURCE_ROOT;
		};
		6F3C548418A03F6100557C1A /* com.adobe.plugins.GAPlugin */ = {
			isa = PBXGroup;
			children = (
				6F1D66E41905B7E800EC1B8E /* GAITransaction.h */,
				6F1D66E51905B7E800EC1B8E /* GAITransactionItem.h */,
				6F1D66E61905B7E800EC1B8E /* GoogleAnalytics.a */,
				6F65A54E1905B4190049E8C8 /* GAPlugin.h */,
				6F65A54F1905B4190049E8C8 /* GAPlugin.m */,
				6F3C548518A03F6100557C1A /* GAI.h */,
				6F3C548618A03F6100557C1A /* GAITrackedViewController.h */,
				6F3C548718A03F6100557C1A /* GAITracker.h */,
			);
			name = com.adobe.plugins.GAPlugin;
			path = NoticiasTVN/Plugins/com.adobe.plugins.GAPlugin;
			sourceTree = SOURCE_ROOT;
		};
		6F504BDB188F28B400BFBDEC /* org.apache.cordova.file */ = {
			isa = PBXGroup;
			children = (
				6F504BDC188F28B400BFBDEC /* CDVFile.h */,
				6F504BDD188F28B400BFBDEC /* CDVFile.m */,
			);
			name = org.apache.cordova.file;
			path = NoticiasTVN/Plugins/org.apache.cordova.file;
			sourceTree = SOURCE_ROOT;
		};
		6F504BDE188F28B400BFBDEC /* org.apache.cordova.file-transfer */ = {
			isa = PBXGroup;
			children = (
				6F504BDF188F28B400BFBDEC /* CDVFileTransfer.h */,
				6F504BE0188F28B400BFBDEC /* CDVFileTransfer.m */,
			);
			name = "org.apache.cordova.file-transfer";
			path = "NoticiasTVN/Plugins/org.apache.cordova.file-transfer";
			sourceTree = SOURCE_ROOT;
		};
		6F65A541190583180049E8C8 /* org.apache.cordova.geolocation */ = {
			isa = PBXGroup;
			children = (
				6F65A542190583180049E8C8 /* CDVLocation.h */,
				6F65A543190583180049E8C8 /* CDVLocation.m */,
			);
			name = org.apache.cordova.geolocation;
			path = NoticiasTVN/Plugins/org.apache.cordova.geolocation;
			sourceTree = SOURCE_ROOT;
		};
		6F66276B1911C41900FC54B2 /* org.apache.cordova.camera */ = {
			isa = PBXGroup;
			children = (
				6F66276C1911C41900FC54B2 /* CDVCamera.h */,
				6F66276D1911C41900FC54B2 /* CDVCamera.m */,
				6F66276E1911C41900FC54B2 /* CDVExif.h */,
				6F66276F1911C41900FC54B2 /* CDVJpegHeaderWriter.h */,
				6F6627701911C41900FC54B2 /* CDVJpegHeaderWriter.m */,
			);
			name = org.apache.cordova.camera;
			path = NoticiasTVN/Plugins/org.apache.cordova.camera;
			sourceTree = SOURCE_ROOT;
		};
		6F6DDCFB1875C4D30090B0E8 /* org.apache.cordova.network-information */ = {
			isa = PBXGroup;
			children = (
				6F6DDCFC1875C4D30090B0E8 /* CDVConnection.h */,
				6F6DDCFD1875C4D30090B0E8 /* CDVConnection.m */,
				6F6DDCFE1875C4D30090B0E8 /* CDVReachability.h */,
				6F6DDCFF1875C4D30090B0E8 /* CDVReachability.m */,
			);
			name = "org.apache.cordova.network-information";
			path = "NoticiasTVN/Plugins/org.apache.cordova.network-information";
			sourceTree = SOURCE_ROOT;
		};
		6F6DDD101875C4F80090B0E8 /* es.lproj */ = {
			isa = PBXGroup;
			children = (
				6F6DDD111875C4F80090B0E8 /* Localizable.strings */,
			);
			name = es.lproj;
			path = NoticiasTVN/Resources/es.lproj;
			sourceTree = SOURCE_ROOT;
		};
		6F6DDD131875C4F80090B0E8 /* icons */ = {
			isa = PBXGroup;
			children = (
				6F7D35D818D8EF8D006C4BA4 /* icon-iPad@2x.png */,
				6F6DDD141875C4F80090B0E8 /* icon-40.png */,
				6F6DDD151875C4F80090B0E8 /* icon-40@2x.png */,
				6F6DDD161875C4F80090B0E8 /* icon-50.png */,
				6F6DDD171875C4F80090B0E8 /* icon-50@2x.png */,
				6F6DDD181875C4F80090B0E8 /* icon-60.png */,
				6F6DDD191875C4F80090B0E8 /* icon-60@2x.png */,
				6F6DDD1A1875C4F80090B0E8 /* icon-72.png */,
				6F6DDD1B1875C4F80090B0E8 /* icon-72@2x.png */,
				6F6DDD1C1875C4F80090B0E8 /* icon-76.png */,
				6F6DDD1D1875C4F80090B0E8 /* icon-76@2x.png */,
				6F6DDD1E1875C4F80090B0E8 /* icon-small.png */,
				6F6DDD1F1875C4F80090B0E8 /* icon-small@2x.png */,
				6F6DDD201875C4F80090B0E8 /* icon.png */,
				6F6DDD211875C4F80090B0E8 /* icon@2x.png */,
			);
			name = icons;
			path = NoticiasTVN/Resources/icons;
			sourceTree = SOURCE_ROOT;
		};
		6F6DDD251875C4F80090B0E8 /* splash */ = {
			isa = PBXGroup;
			children = (
				6F6DDD261875C4F80090B0E8 /* Default-568h@2x~iphone.png */,
				6F6DDD291875C4F80090B0E8 /* Default-Portrait@2x~ipad.png */,
				6F6DDD2A1875C4F80090B0E8 /* Default-Portrait~ipad.png */,
				6F6DDD2B1875C4F80090B0E8 /* Default@2x~iphone.png */,
				6F6DDD2C1875C4F80090B0E8 /* Default~iphone.png */,
			);
			name = splash;
			path = NoticiasTVN/Resources/splash;
			sourceTree = SOURCE_ROOT;
		};
		6FAE6642190AA3190041A151 /* org.apache.cordova.inappbrowser */ = {
			isa = PBXGroup;
			children = (
				6FAE6643190AA3190041A151 /* CDVInAppBrowser.h */,
				6FAE6644190AA3190041A151 /* CDVInAppBrowser.m */,
			);
			name = org.apache.cordova.inappbrowser;
			path = NoticiasTVN/Plugins/org.apache.cordova.inappbrowser;
			sourceTree = SOURCE_ROOT;
		};
		6FC8D6A718CE05AC00B5D007 /* sounds */ = {
			isa = PBXGroup;
			children = (
				6FC8D6AA18CE1EC200B5D007 /* noticias.aiff */,
			);
			name = sounds;
			path = NoticiasTVN/Resources/sounds;
			sourceTree = SOURCE_ROOT;
		};
		6FD3CFD7187C8F0B005E7A40 /* com.phonegap.plugins.PushPlugin */ = {
			isa = PBXGroup;
			children = (
				6FD3CFD8187C8F0B005E7A40 /* AppDelegate+notification.h */,
				6FD3CFD9187C8F0B005E7A40 /* AppDelegate+notification.m */,
				6FD3CFDA187C8F0B005E7A40 /* PushPlugin.h */,
				6FD3CFDB187C8F0B005E7A40 /* PushPlugin.m */,
			);
			name = com.phonegap.plugins.PushPlugin;
			path = NoticiasTVN/Plugins/com.phonegap.plugins.PushPlugin;
			sourceTree = SOURCE_ROOT;
		};
		6FD3CFE0187CA266005E7A40 /* org.apache.cordova.device */ = {
			isa = PBXGroup;
			children = (
				6FD3CFE1187CA266005E7A40 /* CDVDevice.h */,
				6FD3CFE2187CA266005E7A40 /* CDVDevice.m */,
			);
			name = org.apache.cordova.device;
			path = NoticiasTVN/Plugins/org.apache.cordova.device;
			sourceTree = SOURCE_ROOT;
		};
/* End PBXGroup section */

/* Begin PBXNativeTarget section */
		1D6058900D05DD3D006BFB54 /* NoticiasTVN */ = {
			isa = PBXNativeTarget;
			buildConfigurationList = 1D6058960D05DD3E006BFB54 /* Build configuration list for PBXNativeTarget "NoticiasTVN" */;
			buildPhases = (
				304B58A110DAC018002A0835 /* Copy www directory */,
				1D60588D0D05DD3D006BFB54 /* Resources */,
				1D60588E0D05DD3D006BFB54 /* Sources */,
				1D60588F0D05DD3D006BFB54 /* Frameworks */,
			);
			buildRules = (
			);
			dependencies = (
				301BF551109A68C00062928A /* PBXTargetDependency */,
			);
			name = NoticiasTVN;
			productName = Fanaticos412;
			productReference = 1D6058910D05DD3D006BFB54 /* NoticiasTVN.app */;
			productType = "com.apple.product-type.application";
		};
/* End PBXNativeTarget section */

/* Begin PBXProject section */
		29B97313FDCFA39411CA2CEA /* Project object */ = {
			isa = PBXProject;
			attributes = {
				LastUpgradeCheck = 500;
			};
			buildConfigurationList = C01FCF4E08A954540054247B /* Build configuration list for PBXProject "NoticiasTVN" */;
			compatibilityVersion = "Xcode 3.2";
			developmentRegion = English;
			hasScannedForEncodings = 1;
			knownRegions = (
				English,
				Japanese,
				French,
				German,
				en,
				es,
				de,
				se,
			);
			mainGroup = 29B97314FDCFA39411CA2CEA /* CustomTemplate */;
			projectDirPath = "";
			projectReferences = (
				{
					ProductGroup = 301BF52E109A57CC0062928A /* Products */;
					ProjectRef = 301BF52D109A57CC0062928A /* CordovaLib.xcodeproj */;
				},
			);
			projectRoot = "";
			targets = (
				1D6058900D05DD3D006BFB54 /* NoticiasTVN */,
			);
		};
/* End PBXProject section */

/* Begin PBXReferenceProxy section */
		301BF535109A57CC0062928A /* libCordova.a */ = {
			isa = PBXReferenceProxy;
			fileType = archive.ar;
			path = libCordova.a;
			remoteRef = 301BF534109A57CC0062928A /* PBXContainerItemProxy */;
			sourceTree = BUILT_PRODUCTS_DIR;
		};
/* End PBXReferenceProxy section */

/* Begin PBXResourcesBuildPhase section */
		1D60588D0D05DD3D006BFB54 /* Resources */ = {
			isa = PBXResourcesBuildPhase;
			buildActionMask = 2147483647;
			files = (
				6F6DDD051875C4D30090B0E8 /* README in Resources */,
				6F6DDD371875C4F80090B0E8 /* icon-72@2x.png in Resources */,
				6F6DDD3C1875C4F80090B0E8 /* icon.png in Resources */,
				6F6DDD431875C4F80090B0E8 /* Default-Portrait~ipad.png in Resources */,
				6F6DDD3A1875C4F80090B0E8 /* icon-small.png in Resources */,
				6F6DDD421875C4F80090B0E8 /* Default-Portrait@2x~ipad.png in Resources */,
				6F7D35D918D8EF8E006C4BA4 /* icon-iPad@2x.png in Resources */,
				6F6DDD301875C4F80090B0E8 /* icon-40.png in Resources */,
				6F6DDCFA1875C4B90090B0E8 /* MainViewController.xib in Resources */,
				6F6DDD3F1875C4F80090B0E8 /* Default-568h@2x~iphone.png in Resources */,
				6F6DDD3D1875C4F80090B0E8 /* icon@2x.png in Resources */,
				6F6DDD471875C5050090B0E8 /* NoticiasTVN-Info.plist in Resources */,
				6F6DDD311875C4F80090B0E8 /* icon-40@2x.png in Resources */,
				6F6DDD341875C4F80090B0E8 /* icon-60.png in Resources */,
				6F6DDD2F1875C4F80090B0E8 /* Localizable.strings in Resources */,
				6F6DDD451875C4F80090B0E8 /* Default~iphone.png in Resources */,
				6F6DDD321875C4F80090B0E8 /* icon-50.png in Resources */,
				6F6DDD491875C51A0090B0E8 /* config.xml in Resources */,
				6F6DDD391875C4F80090B0E8 /* icon-76@2x.png in Resources */,
				6F486B13190CA69D00B43633 /* TVNNoticias.entitlements in Resources */,
				6F6DDD361875C4F80090B0E8 /* icon-72.png in Resources */,
				6FC8D6AB18CE1EC200B5D007 /* noticias.aiff in Resources */,
				6F486B12190CA69D00B43633 /* TVNNoticias_develop.entitlements in Resources */,
				6F6DDD441875C4F80090B0E8 /* Default@2x~iphone.png in Resources */,
				6F6DDD381875C4F80090B0E8 /* icon-76.png in Resources */,
				6F6DDD3B1875C4F80090B0E8 /* icon-small@2x.png in Resources */,
				6F6DDD351875C4F80090B0E8 /* icon-60@2x.png in Resources */,
				6F6DDD331875C4F80090B0E8 /* icon-50@2x.png in Resources */,
			);
			runOnlyForDeploymentPostprocessing = 0;
		};
/* End PBXResourcesBuildPhase section */

/* Begin PBXShellScriptBuildPhase section */
		304B58A110DAC018002A0835 /* Copy www directory */ = {
			isa = PBXShellScriptBuildPhase;
			buildActionMask = 2147483647;
			files = (
			);
			inputPaths = (
			);
			name = "Copy www directory";
			outputPaths = (
			);
			runOnlyForDeploymentPostprocessing = 0;
			shellPath = /bin/sh;
			shellScript = "cordova/lib/copy-www-build-step.sh";
		};
/* End PBXShellScriptBuildPhase section */

/* Begin PBXSourcesBuildPhase section */
		1D60588E0D05DD3D006BFB54 /* Sources */ = {
			isa = PBXSourcesBuildPhase;
			buildActionMask = 2147483647;
			files = (
				6F187B89187707AC001876C4 /* MovieViewController.m in Sources */,
				6F6DDD041875C4D30090B0E8 /* CDVReachability.m in Sources */,
				6F187B8D187707C3001876C4 /* CDVLogger.m in Sources */,
				6F6DDCF91875C4B90090B0E8 /* MainViewController.m in Sources */,
				6FD3CFDD187C8F0B005E7A40 /* PushPlugin.m in Sources */,
				6F504BE1188F28B400BFBDEC /* CDVFile.m in Sources */,
				6F6DDCF81875C4B90090B0E8 /* AppDelegate.m in Sources */,
				6F6627721911C41900FC54B2 /* CDVJpegHeaderWriter.m in Sources */,
				6FAE6645190AA3190041A151 /* CDVInAppBrowser.m in Sources */,
				6F187B8A187707AC001876C4 /* VideoPlayer.m in Sources */,
				6F504BE2188F28B400BFBDEC /* CDVFileTransfer.m in Sources */,
				6F6DDD031875C4D30090B0E8 /* CDVConnection.m in Sources */,
				6FD3CFDC187C8F0B005E7A40 /* AppDelegate+notification.m in Sources */,
				6F6627711911C41900FC54B2 /* CDVCamera.m in Sources */,
				6F6DDD091875C4E40090B0E8 /* main.m in Sources */,
				6F65A5501905B4190049E8C8 /* GAPlugin.m in Sources */,
				6F6DDD061875C4D30090B0E8 /* SocialSharing.m in Sources */,
				6F65A544190583180049E8C8 /* CDVLocation.m in Sources */,
				6FD3CFE3187CA266005E7A40 /* CDVDevice.m in Sources */,
			);
			runOnlyForDeploymentPostprocessing = 0;
		};
/* End PBXSourcesBuildPhase section */

/* Begin PBXTargetDependency section */
		301BF551109A68C00062928A /* PBXTargetDependency */ = {
			isa = PBXTargetDependency;
			name = CordovaLib;
			targetProxy = 301BF550109A68C00062928A /* PBXContainerItemProxy */;
		};
/* End PBXTargetDependency section */

/* Begin PBXVariantGroup section */
		6F6DDD111875C4F80090B0E8 /* Localizable.strings */ = {
			isa = PBXVariantGroup;
			children = (
				6F6DDD121875C4F80090B0E8 /* es */,
			);
			name = Localizable.strings;
			sourceTree = "<group>";
		};
/* End PBXVariantGroup section */

/* Begin XCBuildConfiguration section */
		1D6058940D05DD3E006BFB54 /* Debug */ = {
			isa = XCBuildConfiguration;
			buildSettings = {
				ALWAYS_SEARCH_USER_PATHS = NO;
				CLANG_ENABLE_OBJC_ARC = YES;
				CODE_SIGN_ENTITLEMENTS = NoticiasTVN/TVNNoticias_develop.entitlements;
				CODE_SIGN_IDENTITY = "iPhone Developer";
				"CODE_SIGN_IDENTITY[sdk=iphoneos*]" = "iPhone Developer";
				COPY_PHASE_STRIP = NO;
				GCC_DYNAMIC_NO_PIC = NO;
				GCC_OPTIMIZATION_LEVEL = 0;
				GCC_PRECOMPILE_PREFIX_HEADER = YES;
				GCC_PREFIX_HEADER = "NoticiasTVN/NoticiasTVN-Prefix.pch";
				GCC_THUMB_SUPPORT = NO;
				GCC_VERSION = "";
				INFOPLIST_FILE = "NoticiasTVN/NoticiasTVN-Info.plist";
				IPHONEOS_DEPLOYMENT_TARGET = 5.0;
				LIBRARY_SEARCH_PATHS = (
					"$(inherited)",
					/Users/chrirod/Documents/Projects/NewsApps/NoticiasTVN/NoticiasTVN/platforms/ios/NoticiasTVN/Plugins/com.adobe.plugins.GAPlugin,
					"$(PROJECT_DIR)/NoticiasTVN/Plugins/com.adobe.plugins.GAPlugin",
				);
				OTHER_LDFLAGS = (
					"-weak_framework",
					CoreFoundation,
					"-weak_framework",
					UIKit,
					"-weak_framework",
					AVFoundation,
					"-weak_framework",
					CoreMedia,
					"-weak-lSystem",
					"-force_load",
					"\"$(BUILT_PRODUCTS_DIR)/libCordova.a\"",
					"-ObjC",
				);
				PRODUCT_NAME = NoticiasTVN;
				PROVISIONING_PROFILE = "";
				TARGETED_DEVICE_FAMILY = 2;
				VALID_ARCHS = "armv7 armv7s";
			};
			name = Debug;
		};
		1D6058950D05DD3E006BFB54 /* Release */ = {
			isa = XCBuildConfiguration;
			buildSettings = {
				ALWAYS_SEARCH_USER_PATHS = NO;
				CLANG_ENABLE_OBJC_ARC = YES;
				CODE_SIGN_ENTITLEMENTS = NoticiasTVN/TVNNoticias.entitlements;
				CODE_SIGN_IDENTITY = "iPhone Distribution";
				"CODE_SIGN_IDENTITY[sdk=iphoneos*]" = "iPhone Distribution";
				COPY_PHASE_STRIP = YES;
				GCC_PRECOMPILE_PREFIX_HEADER = YES;
				GCC_PREFIX_HEADER = "NoticiasTVN/NoticiasTVN-Prefix.pch";
				GCC_THUMB_SUPPORT = NO;
				GCC_VERSION = "";
				INFOPLIST_FILE = "NoticiasTVN/NoticiasTVN-Info.plist";
				IPHONEOS_DEPLOYMENT_TARGET = 5.0;
				LIBRARY_SEARCH_PATHS = (
					"$(inherited)",
					/Users/chrirod/Documents/Projects/NewsApps/NoticiasTVN/NoticiasTVN/platforms/ios/NoticiasTVN/Plugins/com.adobe.plugins.GAPlugin,
					"$(PROJECT_DIR)/NoticiasTVN/Plugins/com.adobe.plugins.GAPlugin",
				);
				OTHER_LDFLAGS = (
					"-weak_framework",
					CoreFoundation,
					"-weak_framework",
					UIKit,
					"-weak_framework",
					AVFoundation,
					"-weak_framework",
					CoreMedia,
					"-weak-lSystem",
					"-force_load",
					"\"$(BUILT_PRODUCTS_DIR)/libCordova.a\"",
					"-ObjC",
				);
				PRODUCT_NAME = NoticiasTVN;
				PROVISIONING_PROFILE = "";
				TARGETED_DEVICE_FAMILY = 2;
				VALID_ARCHS = "armv7 armv7s";
			};
			name = Release;
		};
		C01FCF4F08A954540054247B /* Debug */ = {
			isa = XCBuildConfiguration;
			buildSettings = {
				CLANG_ENABLE_OBJC_ARC = YES;
				CLANG_WARN_BOOL_CONVERSION = YES;
				CLANG_WARN_CONSTANT_CONVERSION = YES;
				CLANG_WARN_EMPTY_BODY = YES;
				CLANG_WARN_ENUM_CONVERSION = YES;
				CLANG_WARN_INT_CONVERSION = YES;
				CLANG_WARN__DUPLICATE_METHOD_MATCH = YES;
				"CODE_SIGN_IDENTITY[sdk=iphoneos*]" = "iPhone Developer";
				GCC_C_LANGUAGE_STANDARD = c99;
				GCC_THUMB_SUPPORT = NO;
				GCC_VERSION = "";
				GCC_WARN_ABOUT_RETURN_TYPE = YES;
				GCC_WARN_UNDECLARED_SELECTOR = YES;
				GCC_WARN_UNINITIALIZED_AUTOS = YES;
				GCC_WARN_UNUSED_FUNCTION = YES;
				GCC_WARN_UNUSED_VARIABLE = YES;
				HEADER_SEARCH_PATHS = (
					"\"$(TARGET_BUILD_DIR)/usr/local/lib/include\"",
					"\"$(OBJROOT)/UninstalledProducts/include\"",
					"\"$(BUILT_PRODUCTS_DIR)\"",
				);
				IPHONEOS_DEPLOYMENT_TARGET = 5.0;
				ONLY_ACTIVE_ARCH = YES;
				OTHER_LDFLAGS = (
					"-weak_framework",
					CoreFoundation,
					"-weak_framework",
					UIKit,
					"-weak_framework",
					AVFoundation,
					"-weak_framework",
					CoreMedia,
					"-weak-lSystem",
					"-force_load",
					"\"$(BUILT_PRODUCTS_DIR)/libCordova.a\"",
					"-ObjC",
				);
				SDKROOT = iphoneos;
				SKIP_INSTALL = NO;
				USER_HEADER_SEARCH_PATHS = "";
			};
			name = Debug;
		};
		C01FCF5008A954540054247B /* Release */ = {
			isa = XCBuildConfiguration;
			buildSettings = {
				CLANG_ENABLE_OBJC_ARC = YES;
				CLANG_WARN_BOOL_CONVERSION = YES;
				CLANG_WARN_CONSTANT_CONVERSION = YES;
				CLANG_WARN_EMPTY_BODY = YES;
				CLANG_WARN_ENUM_CONVERSION = YES;
				CLANG_WARN_INT_CONVERSION = YES;
				CLANG_WARN__DUPLICATE_METHOD_MATCH = YES;
				"CODE_SIGN_IDENTITY[sdk=iphoneos*]" = "iPhone Developer";
				GCC_C_LANGUAGE_STANDARD = c99;
				GCC_THUMB_SUPPORT = NO;
				GCC_VERSION = "";
				GCC_WARN_ABOUT_RETURN_TYPE = YES;
				GCC_WARN_UNDECLARED_SELECTOR = YES;
				GCC_WARN_UNINITIALIZED_AUTOS = YES;
				GCC_WARN_UNUSED_FUNCTION = YES;
				GCC_WARN_UNUSED_VARIABLE = YES;
				HEADER_SEARCH_PATHS = (
					"\"$(TARGET_BUILD_DIR)/usr/local/lib/include\"",
					"\"$(OBJROOT)/UninstalledProducts/include\"",
					"\"$(BUILT_PRODUCTS_DIR)\"",
				);
				IPHONEOS_DEPLOYMENT_TARGET = 5.0;
				OTHER_LDFLAGS = (
					"-weak_framework",
					CoreFoundation,
					"-weak_framework",
					UIKit,
					"-weak_framework",
					AVFoundation,
					"-weak_framework",
					CoreMedia,
					"-weak-lSystem",
					"-force_load",
					"\"$(BUILT_PRODUCTS_DIR)/libCordova.a\"",
					"-ObjC",
				);
				SDKROOT = iphoneos;
				SKIP_INSTALL = NO;
				USER_HEADER_SEARCH_PATHS = "";
			};
			name = Release;
		};
/* End XCBuildConfiguration section */

/* Begin XCConfigurationList section */
		1D6058960D05DD3E006BFB54 /* Build configuration list for PBXNativeTarget "NoticiasTVN" */ = {
			isa = XCConfigurationList;
			buildConfigurations = (
				1D6058940D05DD3E006BFB54 /* Debug */,
				1D6058950D05DD3E006BFB54 /* Release */,
			);
			defaultConfigurationIsVisible = 0;
			defaultConfigurationName = Release;
		};
		C01FCF4E08A954540054247B /* Build configuration list for PBXProject "NoticiasTVN" */ = {
			isa = XCConfigurationList;
			buildConfigurations = (
				C01FCF4F08A954540054247B /* Debug */,
				C01FCF5008A954540054247B /* Release */,
			);
			defaultConfigurationIsVisible = 0;
			defaultConfigurationName = Release;
		};
/* End XCConfigurationList section */
	};
	rootObject = 29B97313FDCFA39411CA2CEA /* Project object */;
}
